
Microsoft Visual Studio Solution File, Format Version 12.00
# Visual Studio 15
VisualStudioVersion = 15.0.28307.779
MinimumVisualStudioVersion = 10.0.40219.1
Project("{FAE04EC0-301F-11D3-BF4B-00C04F79EFBC}") = "test_console", "test_console\test_console.csproj", "{2C6DB7BC-2611-404A-B80C-F134C10259A3}"
EndProject
Global
	GlobalSection(SolutionConfigurationPlatforms) = preSolution
		Debug|Any CPU = Debug|Any CPU
		Release|Any CPU = Release|Any CPU
	EndGlobalSection
	GlobalSection(ProjectConfigurationPlatforms) = postSolution
		{2C6DB7BC-2611-404A-B80C-F134C10259A3}.Debug|Any CPU.ActiveCfg = Debug|Any CPU
		{2C6DB7BC-2611-404A-B80C-F134C10259A3}.Debug|Any CPU.Build.0 = Debug|Any CPU
		{2C6DB7BC-2611-404A-B80C-F134C10259A3}.Release|Any CPU.ActiveCfg = Release|Any CPU
		{2C6DB7BC-2611-404A-B80C-F134C10259A3}.Release|Any CPU.Build.0 = Release|Any CPU
	EndGlobalSection
	GlobalSection(SolutionProperties) = preSolution
		HideSolutionNode = FALSE
	EndGlobalSection
	GlobalSection(ExtensibilityGlobals) = postSolution
		SolutionGuid = {5A42B0FF-3A87-4E3E-A186-0E8F64F5AA69}
	EndGlobalSection
EndGlobal
